{
    "_meta": {
        "hash": {
            "sha256": "fed9e4637d46b12b3b648f5037fb9287b6a1114feb3b4e5d99b75104e8feea84"
        },
        "pipfile-spec": 6,
        "requires": {
            "python_version": "3.11"
        },
        "sources": [
            {
                "name": "pypi",
                "url": "https://pypi.org/simple",
                "verify_ssl": true
            }
        ]
    },
    "default": {
        "tkinterdnd2": {
            "hashes": [
                "sha256:cb9d72634c42ff2e5a6e34823ef02f7722a5b6ad5cec5e1de82ec8f0c371a614",
                "sha256:ef3ff4894c75e21ddc3252eb6d1292670824bf20240b9e82da9240631bbe63fe"
            ],
            "index": "pypi",
            "version": "==0.3.0"
        }
    },
    "develop": {}
}
